
Microsoft Visual Studio Solution File, Format Version 12.00
# Visual Studio 15
VisualStudioVersion = 15.0.27703.2018
MinimumVisualStudioVersion = 10.0.40219.1
Project("{9A19103F-16F7-4668-BE54-9A1E7A4F7556}") = "Yanyitec.Common", "Yanyitec.Common\Yanyitec.Common.csproj", "{D4CDAE17-136F-4637-B3E5-855AAB158068}"
EndProject
Project("{9A19103F-16F7-4668-BE54-9A1E7A4F7556}") = "Yanyitec.Flow", "Yanyitec.Flow\Yanyitec.Flow.csproj", "{A249EA5D-3AA8-4BC8-8E09-B7B2BF8A2F0E}"
EndProject
Project("{9A19103F-16F7-4668-BE54-9A1E7A4F7556}") = "Yanyitec.Common.Unittest", "Yanyitec.Common.Unittest\Yanyitec.Common.Unittest.csproj", "{7362791B-09C4-4845-A113-6E02D9229996}"
EndProject
Project("{2150E333-8FDC-42A3-9474-1A3956D46DE8}") = "Solution Items", "Solution Items", "{CA2C5566-2DF8-478B-B0CA-B74FD33DE138}"
	ProjectSection(SolutionItems) = preProject
		.gitignore = .gitignore
	EndProjectSection
EndProject
Project("{FAE04EC0-301F-11D3-BF4B-00C04F79EFBC}") = "Yanyitec.Common.Implement", "Yanyitec.Common.Implement\Yanyitec.Common.Implement.csproj", "{CF1A0FAC-4D2E-490B-A645-01B5AAA6556F}"
EndProject
Global
	GlobalSection(SolutionConfigurationPlatforms) = preSolution
		Debug|Any CPU = Debug|Any CPU
		Release|Any CPU = Release|Any CPU
	EndGlobalSection
	GlobalSection(ProjectConfigurationPlatforms) = postSolution
		{D4CDAE17-136F-4637-B3E5-855AAB158068}.Debug|Any CPU.ActiveCfg = Debug|Any CPU
		{D4CDAE17-136F-4637-B3E5-855AAB158068}.Debug|Any CPU.Build.0 = Debug|Any CPU
		{D4CDAE17-136F-4637-B3E5-855AAB158068}.Release|Any CPU.ActiveCfg = Release|Any CPU
		{D4CDAE17-136F-4637-B3E5-855AAB158068}.Release|Any CPU.Build.0 = Release|Any CPU
		{A249EA5D-3AA8-4BC8-8E09-B7B2BF8A2F0E}.Debug|Any CPU.ActiveCfg = Debug|Any CPU
		{A249EA5D-3AA8-4BC8-8E09-B7B2BF8A2F0E}.Debug|Any CPU.Build.0 = Debug|Any CPU
		{A249EA5D-3AA8-4BC8-8E09-B7B2BF8A2F0E}.Release|Any CPU.ActiveCfg = Release|Any CPU
		{A249EA5D-3AA8-4BC8-8E09-B7B2BF8A2F0E}.Release|Any CPU.Build.0 = Release|Any CPU
		{7362791B-09C4-4845-A113-6E02D9229996}.Debug|Any CPU.ActiveCfg = Debug|Any CPU
		{7362791B-09C4-4845-A113-6E02D9229996}.Debug|Any CPU.Build.0 = Debug|Any CPU
		{7362791B-09C4-4845-A113-6E02D9229996}.Release|Any CPU.ActiveCfg = Release|Any CPU
		{7362791B-09C4-4845-A113-6E02D9229996}.Release|Any CPU.Build.0 = Release|Any CPU
		{CF1A0FAC-4D2E-490B-A645-01B5AAA6556F}.Debug|Any CPU.ActiveCfg = Debug|Any CPU
		{CF1A0FAC-4D2E-490B-A645-01B5AAA6556F}.Debug|Any CPU.Build.0 = Debug|Any CPU
		{CF1A0FAC-4D2E-490B-A645-01B5AAA6556F}.Release|Any CPU.ActiveCfg = Release|Any CPU
		{CF1A0FAC-4D2E-490B-A645-01B5AAA6556F}.Release|Any CPU.Build.0 = Release|Any CPU
	EndGlobalSection
	GlobalSection(SolutionProperties) = preSolution
		HideSolutionNode = FALSE
	EndGlobalSection
	GlobalSection(ExtensibilityGlobals) = postSolution
		SolutionGuid = {36E575AE-5E45-471B-A97C-48B8C210D232}
	EndGlobalSection
EndGlobal
